
Microsoft Visual Studio Solution File, Format Version 12.00
# Visual Studio Version 16
VisualStudioVersion = 16.0.31112.23
MinimumVisualStudioVersion = 10.0.40219.1
Project("{9A19103F-16F7-4668-BE54-9A1E7A4F7556}") = "ConsoleApp", "ConsoleApp\ConsoleApp.csproj", "{61F8CC90-49A5-4C12-8882-4EEE451A63D0}"
EndProject
Project("{9A19103F-16F7-4668-BE54-9A1E7A4F7556}") = "FakeXiecheng.Models", "FakeXiecheng.Models\FakeXiecheng.Models.csproj", "{C96B5BE3-1FC0-4245-81BB-EC5067A98C17}"
EndProject
Project("{FAE04EC0-301F-11D3-BF4B-00C04F79EFBC}") = "FakeXiecheng.Database", "FakeXiecheng.Database\FakeXiecheng.Database.csproj", "{AB901A98-21F6-4E9B-A2CC-E5599A682750}"
EndProject
Global
	GlobalSection(SolutionConfigurationPlatforms) = preSolution
		Debug|Any CPU = Debug|Any CPU
		Release|Any CPU = Release|Any CPU
	EndGlobalSection
	GlobalSection(ProjectConfigurationPlatforms) = postSolution
		{61F8CC90-49A5-4C12-8882-4EEE451A63D0}.Debug|Any CPU.ActiveCfg = Debug|Any CPU
		{61F8CC90-49A5-4C12-8882-4EEE451A63D0}.Debug|Any CPU.Build.0 = Debug|Any CPU
		{61F8CC90-49A5-4C12-8882-4EEE451A63D0}.Release|Any CPU.ActiveCfg = Release|Any CPU
		{61F8CC90-49A5-4C12-8882-4EEE451A63D0}.Release|Any CPU.Build.0 = Release|Any CPU
		{C96B5BE3-1FC0-4245-81BB-EC5067A98C17}.Debug|Any CPU.ActiveCfg = Debug|Any CPU
		{C96B5BE3-1FC0-4245-81BB-EC5067A98C17}.Debug|Any CPU.Build.0 = Debug|Any CPU
		{C96B5BE3-1FC0-4245-81BB-EC5067A98C17}.Release|Any CPU.ActiveCfg = Release|Any CPU
		{C96B5BE3-1FC0-4245-81BB-EC5067A98C17}.Release|Any CPU.Build.0 = Release|Any CPU
		{AB901A98-21F6-4E9B-A2CC-E5599A682750}.Debug|Any CPU.ActiveCfg = Debug|Any CPU
		{AB901A98-21F6-4E9B-A2CC-E5599A682750}.Debug|Any CPU.Build.0 = Debug|Any CPU
		{AB901A98-21F6-4E9B-A2CC-E5599A682750}.Release|Any CPU.ActiveCfg = Release|Any CPU
		{AB901A98-21F6-4E9B-A2CC-E5599A682750}.Release|Any CPU.Build.0 = Release|Any CPU
	EndGlobalSection
	GlobalSection(SolutionProperties) = preSolution
		HideSolutionNode = FALSE
	EndGlobalSection
	GlobalSection(ExtensibilityGlobals) = postSolution
		SolutionGuid = {81B3D27A-6B4C-4772-ACD9-292C86F7DBE7}
	EndGlobalSection
EndGlobal
